
Microsoft Visual Studio Solution File, Format Version 12.00
# Visual Studio Version 16
VisualStudioVersion = 16.0.31129.286
MinimumVisualStudioVersion = 10.0.40219.1
Project("{9A19103F-16F7-4668-BE54-9A1E7A4F7556}") = "AreasLibrary", "AreasLibrary\AreasLibrary.csproj", "{18A3560A-4C40-4C13-B2C5-7A201D7E39B9}"
EndProject
Project("{FAE04EC0-301F-11D3-BF4B-00C04F79EFBC}") = "Tests", "Tests\Tests.csproj", "{311CD4CE-A181-4B10-A63C-78669FBF86E2}"
EndProject
Global
	GlobalSection(SolutionConfigurationPlatforms) = preSolution
		Debug|Any CPU = Debug|Any CPU
		Release|Any CPU = Release|Any CPU
	EndGlobalSection
	GlobalSection(ProjectConfigurationPlatforms) = postSolution
		{18A3560A-4C40-4C13-B2C5-7A201D7E39B9}.Debug|Any CPU.ActiveCfg = Debug|Any CPU
		{18A3560A-4C40-4C13-B2C5-7A201D7E39B9}.Debug|Any CPU.Build.0 = Debug|Any CPU
		{18A3560A-4C40-4C13-B2C5-7A201D7E39B9}.Release|Any CPU.ActiveCfg = Release|Any CPU
		{18A3560A-4C40-4C13-B2C5-7A201D7E39B9}.Release|Any CPU.Build.0 = Release|Any CPU
		{311CD4CE-A181-4B10-A63C-78669FBF86E2}.Debug|Any CPU.ActiveCfg = Debug|Any CPU
		{311CD4CE-A181-4B10-A63C-78669FBF86E2}.Debug|Any CPU.Build.0 = Debug|Any CPU
		{311CD4CE-A181-4B10-A63C-78669FBF86E2}.Release|Any CPU.ActiveCfg = Release|Any CPU
		{311CD4CE-A181-4B10-A63C-78669FBF86E2}.Release|Any CPU.Build.0 = Release|Any CPU
	EndGlobalSection
	GlobalSection(SolutionProperties) = preSolution
		HideSolutionNode = FALSE
	EndGlobalSection
	GlobalSection(ExtensibilityGlobals) = postSolution
		SolutionGuid = {7F14CD15-3BE8-4BEA-842A-25899A2176A5}
	EndGlobalSection
EndGlobal
